Microsoft Visual Studio Solution File, Format Version 11.00
# Visual Studio 2008

Project("{B1266F67-4AE0-19E5-0A1C-6A1D4A3FFB2D}") = "Endlessrun", "Assembly-CSharp.csproj", "{9A8AD2BE-D7E2-D48A-1083-4C40876B3368}"
EndProject
Global
	GlobalSection(SolutionConfigurationPlatforms) = preSolution
		Debug|Any CPU = Debug|Any CPU
		Release|Any CPU = Release|Any CPU
	EndGlobalSection
	GlobalSection(ProjectConfigurationPlatforms) = postSolution
		{9A8AD2BE-D7E2-D48A-1083-4C40876B3368}.Debug|Any CPU.ActiveCfg = Debug|Any CPU
		{9A8AD2BE-D7E2-D48A-1083-4C40876B3368}.Debug|Any CPU.Build.0 = Debug|Any CPU
		{9A8AD2BE-D7E2-D48A-1083-4C40876B3368}.Release|Any CPU.ActiveCfg = Release|Any CPU
		{9A8AD2BE-D7E2-D48A-1083-4C40876B3368}.Release|Any CPU.Build.0 = Release|Any CPU
	EndGlobalSection
	GlobalSection(SolutionProperties) = preSolution
		HideSolutionNode = FALSE
	EndGlobalSection
	GlobalSection(MonoDevelopProperties) = preSolution
		StartupItem = Assembly-CSharp.csproj
	EndGlobalSection
EndGlobal
